// !$*UTF8*$!
{
	archiveVersion = 1;
	classes = {
	};
	objectVersion = 56;
	objects = {

/* Begin PBXBuildFile section */
		5A22A8842C7DE48100E5520D /* ToDoList.xcdatamodeld in Sources */ = {isa = PBXBuildFile; fileRef = 5A22A8822C7DE48100E5520D /* ToDoList.xcdatamodeld */; };
		5A22A8872C7DFC3700E5520D /* CoreDataOperator.swift in Sources */ = {isa = PBXBuildFile; fileRef = 5A22A8862C7DFC3700E5520D /* CoreDataOperator.swift */; };
		5A22A8892C7E0FB200E5520D /* ToDoListTableViewCell.swift in Sources */ = {isa = PBXBuildFile; fileRef = 5A22A8882C7E0FB200E5520D /* ToDoListTableViewCell.swift */; };
		5A94E5C82C7F679A0017457E /* MainScreenModuleViewControllerCellProtocol.swift in Sources */ = {isa = PBXBuildFile; fileRef = 5A94E5C72C7F679A0017457E /* MainScreenModuleViewControllerCellProtocol.swift */; };
		5ADCDCAB2C83393600995311 /* ToDoScreenModulePresenter.swift in Sources */ = {isa = PBXBuildFile; fileRef = 5ADCDCAA2C83393600995311 /* ToDoScreenModulePresenter.swift */; };
		5ADCDCAE2C83396F00995311 /* ToDoScreenModulePresenterProtocol.swift in Sources */ = {isa = PBXBuildFile; fileRef = 5ADCDCAD2C83396F00995311 /* ToDoScreenModulePresenterProtocol.swift */; };
		5ADCDCB02C8344C100995311 /* ToDoScreenViewControllerProtocol.swift in Sources */ = {isa = PBXBuildFile; fileRef = 5ADCDCAF2C8344C100995311 /* ToDoScreenViewControllerProtocol.swift */; };
		5ADCDCB22C8349E000995311 /* ToDoScreenModuleIntrecator.swift in Sources */ = {isa = PBXBuildFile; fileRef = 5ADCDCB12C8349E000995311 /* ToDoScreenModuleIntrecator.swift */; };
		5ADCDCB42C8349EF00995311 /* ToDoScreenModuleIntrecatorProtocol.swift in Sources */ = {isa = PBXBuildFile; fileRef = 5ADCDCB32C8349EF00995311 /* ToDoScreenModuleIntrecatorProtocol.swift */; };
		5ADCDCB62C834A8F00995311 /* ToDoScreenModuleAssembly.swift in Sources */ = {isa = PBXBuildFile; fileRef = 5ADCDCB52C834A8F00995311 /* ToDoScreenModuleAssembly.swift */; };
		5ADCDCB82C834F6100995311 /* ToDoScreenModuleRouter.swift in Sources */ = {isa = PBXBuildFile; fileRef = 5ADCDCB72C834F6100995311 /* ToDoScreenModuleRouter.swift */; };
		5ADCDCBA2C834F6E00995311 /* ToDoScreenModuleRouterProtocol.swift in Sources */ = {isa = PBXBuildFile; fileRef = 5ADCDCB92C834F6E00995311 /* ToDoScreenModuleRouterProtocol.swift */; };
		5AE629B62C7CB24800698758 /* AppDelegate.swift in Sources */ = {isa = PBXBuildFile; fileRef = 5AE629B52C7CB24800698758 /* AppDelegate.swift */; };
		5AE629B82C7CB24800698758 /* SceneDelegate.swift in Sources */ = {isa = PBXBuildFile; fileRef = 5AE629B72C7CB24800698758 /* SceneDelegate.swift */; };
		5AE629BA2C7CB24800698758 /* MainScreenModuleViewController.swift in Sources */ = {isa = PBXBuildFile; fileRef = 5AE629B92C7CB24800698758 /* MainScreenModuleViewController.swift */; };
		5AE629BF2C7CB24A00698758 /* Assets.xcassets in Resources */ = {isa = PBXBuildFile; fileRef = 5AE629BE2C7CB24A00698758 /* Assets.xcassets */; };
		5AE629C22C7CB24A00698758 /* Base in Resources */ = {isa = PBXBuildFile; fileRef = 5AE629C12C7CB24A00698758 /* Base */; };
		5AE629CE2C7CD72000698758 /* UIVIew+Extension.swift in Sources */ = {isa = PBXBuildFile; fileRef = 5AE629CD2C7CD72000698758 /* UIVIew+Extension.swift */; };
		5AE629D82C7CE43000698758 /* MainScreenModuleIntrecator.swift in Sources */ = {isa = PBXBuildFile; fileRef = 5AE629D72C7CE43000698758 /* MainScreenModuleIntrecator.swift */; };
		5AE629DB2C7CEC8400698758 /* NetworkHelpers.swift in Sources */ = {isa = PBXBuildFile; fileRef = 5AE629DA2C7CEC8400698758 /* NetworkHelpers.swift */; };
		5AE629DD2C7CEDCD00698758 /* NetworkClient.swift in Sources */ = {isa = PBXBuildFile; fileRef = 5AE629DC2C7CEDCD00698758 /* NetworkClient.swift */; };
		5AE629DF2C7CEED700698758 /* ResponceStruct.swift in Sources */ = {isa = PBXBuildFile; fileRef = 5AE629DE2C7CEED700698758 /* ResponceStruct.swift */; };
		5AE629E22C7CF19000698758 /* MainScreenModulePresenter.swift in Sources */ = {isa = PBXBuildFile; fileRef = 5AE629E12C7CF19000698758 /* MainScreenModulePresenter.swift */; };
		5AE629E42C7CF1C700698758 /* MainScreenModulePresenterProtocol.swift in Sources */ = {isa = PBXBuildFile; fileRef = 5AE629E32C7CF1C700698758 /* MainScreenModulePresenterProtocol.swift */; };
		5AE629E62C7CF31B00698758 /* MainScreenModuleViewControllerProtocol.swift in Sources */ = {isa = PBXBuildFile; fileRef = 5AE629E52C7CF31B00698758 /* MainScreenModuleViewControllerProtocol.swift */; };
		5AE629E82C7CF54400698758 /* MainScreenModuleAssembly.swift in Sources */ = {isa = PBXBuildFile; fileRef = 5AE629E72C7CF54400698758 /* MainScreenModuleAssembly.swift */; };
		5AE629EC2C7CFA8600698758 /* MainScreenModuleIntrecatorProtocol.swift in Sources */ = {isa = PBXBuildFile; fileRef = 5AE629EB2C7CFA8600698758 /* MainScreenModuleIntrecatorProtocol.swift */; };
		5AE629EF2C7D2BA700698758 /* Resources.swift in Sources */ = {isa = PBXBuildFile; fileRef = 5AE629EE2C7D2BA700698758 /* Resources.swift */; };
		5AE629F12C7D2E6F00698758 /* UIFont+Extension.swift in Sources */ = {isa = PBXBuildFile; fileRef = 5AE629F02C7D2E6F00698758 /* UIFont+Extension.swift */; };
		5AED52F72C82077200C04CAA /* ToDoScreenViewController.swift in Sources */ = {isa = PBXBuildFile; fileRef = 5AED52F62C82077200C04CAA /* ToDoScreenViewController.swift */; };
		5AED52FA2C82083600C04CAA /* MainScreenModuleRouter.swift in Sources */ = {isa = PBXBuildFile; fileRef = 5AED52F92C82083600C04CAA /* MainScreenModuleRouter.swift */; };
		5AED52FC2C82084F00C04CAA /* MainScreenModuleRouterProtocol.swift in Sources */ = {isa = PBXBuildFile; fileRef = 5AED52FB2C82084F00C04CAA /* MainScreenModuleRouterProtocol.swift */; };
		5AED53032C8306D100C04CAA /* PriorityCollectionViewCell.swift in Sources */ = {isa = PBXBuildFile; fileRef = 5AED53022C8306D100C04CAA /* PriorityCollectionViewCell.swift */; };
/* End PBXBuildFile section */

/* Begin PBXFileReference section */
		5A22A8832C7DE48100E5520D /* ToDoCoreDataModel.xcdatamodel */ = {isa = PBXFileReference; lastKnownFileType = wrapper.xcdatamodel; path = ToDoCoreDataModel.xcdatamodel; sourceTree = "<group>"; };
		5A22A8862C7DFC3700E5520D /* CoreDataOperator.swift */ = {isa = PBXFileReference; lastKnownFileType = sourcecode.swift; path = CoreDataOperator.swift; sourceTree = "<group>"; };
		5A22A8882C7E0FB200E5520D /* ToDoListTableViewCell.swift */ = {isa = PBXFileReference; lastKnownFileType = sourcecode.swift; path = ToDoListTableViewCell.swift; sourceTree = "<group>"; };
		5A94E5C72C7F679A0017457E /* MainScreenModuleViewControllerCellProtocol.swift */ = {isa = PBXFileReference; lastKnownFileType = sourcecode.swift; path = MainScreenModuleViewControllerCellProtocol.swift; sourceTree = "<group>"; };
		5ADCDCAA2C83393600995311 /* ToDoScreenModulePresenter.swift */ = {isa = PBXFileReference; lastKnownFileType = sourcecode.swift; path = ToDoScreenModulePresenter.swift; sourceTree = "<group>"; };
		5ADCDCAD2C83396F00995311 /* ToDoScreenModulePresenterProtocol.swift */ = {isa = PBXFileReference; lastKnownFileType = sourcecode.swift; path = ToDoScreenModulePresenterProtocol.swift; sourceTree = "<group>"; };
		5ADCDCAF2C8344C100995311 /* ToDoScreenViewControllerProtocol.swift */ = {isa = PBXFileReference; lastKnownFileType = sourcecode.swift; path = ToDoScreenViewControllerProtocol.swift; sourceTree = "<group>"; };
		5ADCDCB12C8349E000995311 /* ToDoScreenModuleIntrecator.swift */ = {isa = PBXFileReference; lastKnownFileType = sourcecode.swift; path = ToDoScreenModuleIntrecator.swift; sourceTree = "<group>"; };
		5ADCDCB32C8349EF00995311 /* ToDoScreenModuleIntrecatorProtocol.swift */ = {isa = PBXFileReference; lastKnownFileType = sourcecode.swift; path = ToDoScreenModuleIntrecatorProtocol.swift; sourceTree = "<group>"; };
		5ADCDCB52C834A8F00995311 /* ToDoScreenModuleAssembly.swift */ = {isa = PBXFileReference; lastKnownFileType = sourcecode.swift; path = ToDoScreenModuleAssembly.swift; sourceTree = "<group>"; };
		5ADCDCB72C834F6100995311 /* ToDoScreenModuleRouter.swift */ = {isa = PBXFileReference; lastKnownFileType = sourcecode.swift; path = ToDoScreenModuleRouter.swift; sourceTree = "<group>"; };
		5ADCDCB92C834F6E00995311 /* ToDoScreenModuleRouterProtocol.swift */ = {isa = PBXFileReference; lastKnownFileType = sourcecode.swift; path = ToDoScreenModuleRouterProtocol.swift; sourceTree = "<group>"; };
		5AE629B22C7CB24800698758 /* ToDoList.app */ = {isa = PBXFileReference; explicitFileType = wrapper.application; includeInIndex = 0; path = ToDoList.app; sourceTree = BUILT_PRODUCTS_DIR; };
		5AE629B52C7CB24800698758 /* AppDelegate.swift */ = {isa = PBXFileReference; lastKnownFileType = sourcecode.swift; path = AppDelegate.swift; sourceTree = "<group>"; };
		5AE629B72C7CB24800698758 /* SceneDelegate.swift */ = {isa = PBXFileReference; lastKnownFileType = sourcecode.swift; path = SceneDelegate.swift; sourceTree = "<group>"; };
		5AE629B92C7CB24800698758 /* MainScreenModuleViewController.swift */ = {isa = PBXFileReference; lastKnownFileType = sourcecode.swift; path = MainScreenModuleViewController.swift; sourceTree = "<group>"; };
		5AE629BE2C7CB24A00698758 /* Assets.xcassets */ = {isa = PBXFileReference; lastKnownFileType = folder.assetcatalog; path = Assets.xcassets; sourceTree = "<group>"; };
		5AE629C12C7CB24A00698758 /* Base */ = {isa = PBXFileReference; lastKnownFileType = file.storyboard; name = Base; path = Base.lproj/LaunchScreen.storyboard; sourceTree = "<group>"; };
		5AE629C32C7CB24A00698758 /* Info.plist */ = {isa = PBXFileReference; lastKnownFileType = text.plist.xml; path = Info.plist; sourceTree = "<group>"; };
		5AE629CD2C7CD72000698758 /* UIVIew+Extension.swift */ = {isa = PBXFileReference; lastKnownFileType = sourcecode.swift; path = "UIVIew+Extension.swift"; sourceTree = "<group>"; };
		5AE629D72C7CE43000698758 /* MainScreenModuleIntrecator.swift */ = {isa = PBXFileReference; lastKnownFileType = sourcecode.swift; path = MainScreenModuleIntrecator.swift; sourceTree = "<group>"; };
		5AE629DA2C7CEC8400698758 /* NetworkHelpers.swift */ = {isa = PBXFileReference; lastKnownFileType = sourcecode.swift; path = NetworkHelpers.swift; sourceTree = "<group>"; };
		5AE629DC2C7CEDCD00698758 /* NetworkClient.swift */ = {isa = PBXFileReference; lastKnownFileType = sourcecode.swift; path = NetworkClient.swift; sourceTree = "<group>"; };
		5AE629DE2C7CEED700698758 /* ResponceStruct.swift */ = {isa = PBXFileReference; lastKnownFileType = sourcecode.swift; path = ResponceStruct.swift; sourceTree = "<group>"; };
		5AE629E12C7CF19000698758 /* MainScreenModulePresenter.swift */ = {isa = PBXFileReference; lastKnownFileType = sourcecode.swift; path = MainScreenModulePresenter.swift; sourceTree = "<group>"; };
		5AE629E32C7CF1C700698758 /* MainScreenModulePresenterProtocol.swift */ = {isa = PBXFileReference; lastKnownFileType = sourcecode.swift; path = MainScreenModulePresenterProtocol.swift; sourceTree = "<group>"; };
		5AE629E52C7CF31B00698758 /* MainScreenModuleViewControllerProtocol.swift */ = {isa = PBXFileReference; lastKnownFileType = sourcecode.swift; path = MainScreenModuleViewControllerProtocol.swift; sourceTree = "<group>"; };
		5AE629E72C7CF54400698758 /* MainScreenModuleAssembly.swift */ = {isa = PBXFileReference; lastKnownFileType = sourcecode.swift; path = MainScreenModuleAssembly.swift; sourceTree = "<group>"; };
		5AE629EB2C7CFA8600698758 /* MainScreenModuleIntrecatorProtocol.swift */ = {isa = PBXFileReference; lastKnownFileType = sourcecode.swift; path = MainScreenModuleIntrecatorProtocol.swift; sourceTree = "<group>"; };
		5AE629EE2C7D2BA700698758 /* Resources.swift */ = {isa = PBXFileReference; lastKnownFileType = sourcecode.swift; path = Resources.swift; sourceTree = "<group>"; };
		5AE629F02C7D2E6F00698758 /* UIFont+Extension.swift */ = {isa = PBXFileReference; lastKnownFileType = sourcecode.swift; path = "UIFont+Extension.swift"; sourceTree = "<group>"; };
		5AED52F62C82077200C04CAA /* ToDoScreenViewController.swift */ = {isa = PBXFileReference; lastKnownFileType = sourcecode.swift; path = ToDoScreenViewController.swift; sourceTree = "<group>"; };
		5AED52F92C82083600C04CAA /* MainScreenModuleRouter.swift */ = {isa = PBXFileReference; lastKnownFileType = sourcecode.swift; path = MainScreenModuleRouter.swift; sourceTree = "<group>"; };
		5AED52FB2C82084F00C04CAA /* MainScreenModuleRouterProtocol.swift */ = {isa = PBXFileReference; lastKnownFileType = sourcecode.swift; path = MainScreenModuleRouterProtocol.swift; sourceTree = "<group>"; };
		5AED53022C8306D100C04CAA /* PriorityCollectionViewCell.swift */ = {isa = PBXFileReference; lastKnownFileType = sourcecode.swift; path = PriorityCollectionViewCell.swift; sourceTree = "<group>"; };
/* End PBXFileReference section */

/* Begin PBXFrameworksBuildPhase section */
		5AE629AF2C7CB24800698758 /* Frameworks */ = {
			isa = PBXFrameworksBuildPhase;
			buildActionMask = 2147483647;
			files = (
			);
			runOnlyForDeploymentPostprocessing = 0;
		};
/* End PBXFrameworksBuildPhase section */

/* Begin PBXGroup section */
		5A22A8852C7DFC0D00E5520D /* CoreData */ = {
			isa = PBXGroup;
			children = (
				5A22A8822C7DE48100E5520D /* ToDoList.xcdatamodeld */,
				5A22A8862C7DFC3700E5520D /* CoreDataOperator.swift */,
			);
			path = CoreData;
			sourceTree = "<group>";
		};
		5AE629A92C7CB24800698758 = {
			isa = PBXGroup;
			children = (
				5AE629B42C7CB24800698758 /* ToDoList */,
				5AE629B32C7CB24800698758 /* Products */,
			);
			sourceTree = "<group>";
		};
		5AE629B32C7CB24800698758 /* Products */ = {
			isa = PBXGroup;
			children = (
				5AE629B22C7CB24800698758 /* ToDoList.app */,
			);
			name = Products;
			sourceTree = "<group>";
		};
		5AE629B42C7CB24800698758 /* ToDoList */ = {
			isa = PBXGroup;
			children = (
				5A22A8852C7DFC0D00E5520D /* CoreData */,
				5AE629ED2C7D2B2400698758 /* Resources */,
				5AE629D92C7CEC7100698758 /* Network */,
				5AE629D12C7CDAD400698758 /* MainScreenModule */,
				5AED52F42C82074300C04CAA /* ToDoScreenModule */,
				5AE629CC2C7CD6EE00698758 /* Helpers */,
				5AE629C92C7CCDE700698758 /* CustomUI */,
				5AE629B52C7CB24800698758 /* AppDelegate.swift */,
				5AE629B72C7CB24800698758 /* SceneDelegate.swift */,
				5AE629C02C7CB24A00698758 /* LaunchScreen.storyboard */,
				5AE629C32C7CB24A00698758 /* Info.plist */,
			);
			path = ToDoList;
			sourceTree = "<group>";
		};
		5AE629C92C7CCDE700698758 /* CustomUI */ = {
			isa = PBXGroup;
			children = (
			);
			path = CustomUI;
			sourceTree = "<group>";
		};
		5AE629CC2C7CD6EE00698758 /* Helpers */ = {
			isa = PBXGroup;
			children = (
				5AE629CD2C7CD72000698758 /* UIVIew+Extension.swift */,
				5AE629F02C7D2E6F00698758 /* UIFont+Extension.swift */,
			);
			path = Helpers;
			sourceTree = "<group>";
		};
		5AE629D12C7CDAD400698758 /* MainScreenModule */ = {
			isa = PBXGroup;
			children = (
				5AED52F82C82082A00C04CAA /* MainScreenModuleRouter */,
				5AE629D62C7CE41600698758 /* MainScreenModuleIntrecator */,
				5AE629E02C7CF17700698758 /* MainScreenModulePresenter */,
				5AE629D22C7CDADD00698758 /* MainScreenModuleView */,
				5AE629E72C7CF54400698758 /* MainScreenModuleAssembly.swift */,
			);
			path = MainScreenModule;
			sourceTree = "<group>";
		};
		5AE629D22C7CDADD00698758 /* MainScreenModuleView */ = {
			isa = PBXGroup;
			children = (
				5AE629B92C7CB24800698758 /* MainScreenModuleViewController.swift */,
				5AE629E52C7CF31B00698758 /* MainScreenModuleViewControllerProtocol.swift */,
				5A94E5C72C7F679A0017457E /* MainScreenModuleViewControllerCellProtocol.swift */,
				5A22A8882C7E0FB200E5520D /* ToDoListTableViewCell.swift */,
			);
			path = MainScreenModuleView;
			sourceTree = "<group>";
		};
		5AE629D62C7CE41600698758 /* MainScreenModuleIntrecator */ = {
			isa = PBXGroup;
			children = (
				5AE629D72C7CE43000698758 /* MainScreenModuleIntrecator.swift */,
				5AE629EB2C7CFA8600698758 /* MainScreenModuleIntrecatorProtocol.swift */,
			);
			path = MainScreenModuleIntrecator;
			sourceTree = "<group>";
		};
		5AE629D92C7CEC7100698758 /* Network */ = {
			isa = PBXGroup;
			children = (
				5AE629DA2C7CEC8400698758 /* NetworkHelpers.swift */,
				5AE629DC2C7CEDCD00698758 /* NetworkClient.swift */,
				5AE629DE2C7CEED700698758 /* ResponceStruct.swift */,
			);
			path = Network;
			sourceTree = "<group>";
		};
		5AE629E02C7CF17700698758 /* MainScreenModulePresenter */ = {
			isa = PBXGroup;
			children = (
				5AE629E12C7CF19000698758 /* MainScreenModulePresenter.swift */,
				5AE629E32C7CF1C700698758 /* MainScreenModulePresenterProtocol.swift */,
			);
			path = MainScreenModulePresenter;
			sourceTree = "<group>";
		};
		5AE629ED2C7D2B2400698758 /* Resources */ = {
			isa = PBXGroup;
			children = (
				5AE629BE2C7CB24A00698758 /* Assets.xcassets */,
				5AE629EE2C7D2BA700698758 /* Resources.swift */,
			);
			path = Resources;
			sourceTree = "<group>";
		};
		5AED52F42C82074300C04CAA /* ToDoScreenModule */ = {
			isa = PBXGroup;
			children = (
				5AED53012C821A7800C04CAA /* ToDoScreenModuleRouter */,
				5AED53002C821A6300C04CAA /* ToDoScreenModuleIntrecator */,
				5AED52FF2C821A5300C04CAA /* ToDoScreenModulePresenter */,
				5AED52F52C82075A00C04CAA /* ToDoScreenModuleView */,
				5ADCDCB52C834A8F00995311 /* ToDoScreenModuleAssembly.swift */,
			);
			path = ToDoScreenModule;
			sourceTree = "<group>";
		};
		5AED52F52C82075A00C04CAA /* ToDoScreenModuleView */ = {
			isa = PBXGroup;
			children = (
				5AED52F62C82077200C04CAA /* ToDoScreenViewController.swift */,
				5AED53022C8306D100C04CAA /* PriorityCollectionViewCell.swift */,
				5ADCDCAF2C8344C100995311 /* ToDoScreenViewControllerProtocol.swift */,
			);
			path = ToDoScreenModuleView;
			sourceTree = "<group>";
		};
		5AED52F82C82082A00C04CAA /* MainScreenModuleRouter */ = {
			isa = PBXGroup;
			children = (
				5AED52F92C82083600C04CAA /* MainScreenModuleRouter.swift */,
				5AED52FB2C82084F00C04CAA /* MainScreenModuleRouterProtocol.swift */,
			);
			path = MainScreenModuleRouter;
			sourceTree = "<group>";
		};
		5AED52FF2C821A5300C04CAA /* ToDoScreenModulePresenter */ = {
			isa = PBXGroup;
			children = (
				5ADCDCAA2C83393600995311 /* ToDoScreenModulePresenter.swift */,
				5ADCDCAD2C83396F00995311 /* ToDoScreenModulePresenterProtocol.swift */,
			);
			path = ToDoScreenModulePresenter;
			sourceTree = "<group>";
		};
		5AED53002C821A6300C04CAA /* ToDoScreenModuleIntrecator */ = {
			isa = PBXGroup;
			children = (
				5ADCDCB12C8349E000995311 /* ToDoScreenModuleIntrecator.swift */,
				5ADCDCB32C8349EF00995311 /* ToDoScreenModuleIntrecatorProtocol.swift */,
			);
			path = ToDoScreenModuleIntrecator;
			sourceTree = "<group>";
		};
		5AED53012C821A7800C04CAA /* ToDoScreenModuleRouter */ = {
			isa = PBXGroup;
			children = (
				5ADCDCB72C834F6100995311 /* ToDoScreenModuleRouter.swift */,
				5ADCDCB92C834F6E00995311 /* ToDoScreenModuleRouterProtocol.swift */,
			);
			path = ToDoScreenModuleRouter;
			sourceTree = "<group>";
		};
/* End PBXGroup section */

/* Begin PBXNativeTarget section */
		5AE629B12C7CB24800698758 /* ToDoList */ = {
			isa = PBXNativeTarget;
			buildConfigurationList = 5AE629C62C7CB24A00698758 /* Build configuration list for PBXNativeTarget "ToDoList" */;
			buildPhases = (
				5AE629AE2C7CB24800698758 /* Sources */,
				5AE629AF2C7CB24800698758 /* Frameworks */,
				5AE629B02C7CB24800698758 /* Resources */,
			);
			buildRules = (
			);
			dependencies = (
			);
			name = ToDoList;
			productName = ToDoList;
			productReference = 5AE629B22C7CB24800698758 /* ToDoList.app */;
			productType = "com.apple.product-type.application";
		};
/* End PBXNativeTarget section */

/* Begin PBXProject section */
		5AE629AA2C7CB24800698758 /* Project object */ = {
			isa = PBXProject;
			attributes = {
				BuildIndependentTargetsInParallel = 1;
				LastSwiftUpdateCheck = 1540;
				LastUpgradeCheck = 1540;
				TargetAttributes = {
					5AE629B12C7CB24800698758 = {
						CreatedOnToolsVersion = 15.4;
					};
				};
			};
			buildConfigurationList = 5AE629AD2C7CB24800698758 /* Build configuration list for PBXProject "ToDoList" */;
			compatibilityVersion = "Xcode 14.0";
			developmentRegion = en;
			hasScannedForEncodings = 0;
			knownRegions = (
				en,
				Base,
			);
			mainGroup = 5AE629A92C7CB24800698758;
			productRefGroup = 5AE629B32C7CB24800698758 /* Products */;
			projectDirPath = "";
			projectRoot = "";
			targets = (
				5AE629B12C7CB24800698758 /* ToDoList */,
			);
		};
/* End PBXProject section */

/* Begin PBXResourcesBuildPhase section */
		5AE629B02C7CB24800698758 /* Resources */ = {
			isa = PBXResourcesBuildPhase;
			buildActionMask = 2147483647;
			files = (
				5AE629BF2C7CB24A00698758 /* Assets.xcassets in Resources */,
				5AE629C22C7CB24A00698758 /* Base in Resources */,
			);
			runOnlyForDeploymentPostprocessing = 0;
		};
/* End PBXResourcesBuildPhase section */

/* Begin PBXSourcesBuildPhase section */
		5AE629AE2C7CB24800698758 /* Sources */ = {
			isa = PBXSourcesBuildPhase;
			buildActionMask = 2147483647;
			files = (
				5ADCDCB22C8349E000995311 /* ToDoScreenModuleIntrecator.swift in Sources */,
				5ADCDCAE2C83396F00995311 /* ToDoScreenModulePresenterProtocol.swift in Sources */,
				5AED52F72C82077200C04CAA /* ToDoScreenViewController.swift in Sources */,
				5A22A8842C7DE48100E5520D /* ToDoList.xcdatamodeld in Sources */,
				5A22A8892C7E0FB200E5520D /* ToDoListTableViewCell.swift in Sources */,
				5AE629E82C7CF54400698758 /* MainScreenModuleAssembly.swift in Sources */,
				5AE629DB2C7CEC8400698758 /* NetworkHelpers.swift in Sources */,
				5AE629BA2C7CB24800698758 /* MainScreenModuleViewController.swift in Sources */,
				5ADCDCBA2C834F6E00995311 /* ToDoScreenModuleRouterProtocol.swift in Sources */,
				5AE629F12C7D2E6F00698758 /* UIFont+Extension.swift in Sources */,
				5AED52FC2C82084F00C04CAA /* MainScreenModuleRouterProtocol.swift in Sources */,
				5AE629B62C7CB24800698758 /* AppDelegate.swift in Sources */,
				5ADCDCB82C834F6100995311 /* ToDoScreenModuleRouter.swift in Sources */,
				5A22A8872C7DFC3700E5520D /* CoreDataOperator.swift in Sources */,
				5AE629EC2C7CFA8600698758 /* MainScreenModuleIntrecatorProtocol.swift in Sources */,
				5AE629E62C7CF31B00698758 /* MainScreenModuleViewControllerProtocol.swift in Sources */,
				5AE629DF2C7CEED700698758 /* ResponceStruct.swift in Sources */,
				5AE629CE2C7CD72000698758 /* UIVIew+Extension.swift in Sources */,
				5AED53032C8306D100C04CAA /* PriorityCollectionViewCell.swift in Sources */,
				5AE629E42C7CF1C700698758 /* MainScreenModulePresenterProtocol.swift in Sources */,
				5AE629EF2C7D2BA700698758 /* Resources.swift in Sources */,
				5ADCDCB42C8349EF00995311 /* ToDoScreenModuleIntrecatorProtocol.swift in Sources */,
				5AE629DD2C7CEDCD00698758 /* NetworkClient.swift in Sources */,
				5AED52FA2C82083600C04CAA /* MainScreenModuleRouter.swift in Sources */,
				5ADCDCAB2C83393600995311 /* ToDoScreenModulePresenter.swift in Sources */,
				5ADCDCB62C834A8F00995311 /* ToDoScreenModuleAssembly.swift in Sources */,
				5A94E5C82C7F679A0017457E /* MainScreenModuleViewControllerCellProtocol.swift in Sources */,
				5AE629D82C7CE43000698758 /* MainScreenModuleIntrecator.swift in Sources */,
				5AE629E22C7CF19000698758 /* MainScreenModulePresenter.swift in Sources */,
				5ADCDCB02C8344C100995311 /* ToDoScreenViewControllerProtocol.swift in Sources */,
				5AE629B82C7CB24800698758 /* SceneDelegate.swift in Sources */,
			);
			runOnlyForDeploymentPostprocessing = 0;
		};
/* End PBXSourcesBuildPhase section */

/* Begin PBXVariantGroup section */
		5AE629C02C7CB24A00698758 /* LaunchScreen.storyboard */ = {
			isa = PBXVariantGroup;
			children = (
				5AE629C12C7CB24A00698758 /* Base */,
			);
			name = LaunchScreen.storyboard;
			sourceTree = "<group>";
		};
/* End PBXVariantGroup section */

/* Begin XCBuildConfiguration section */
		5AE629C42C7CB24A00698758 /* Debug */ = {
			isa = XCBuildConfiguration;
			buildSettings = {
				ALWAYS_SEARCH_USER_PATHS = NO;
				ASSETCATALOG_COMPILER_GENERATE_SWIFT_ASSET_SYMBOL_EXTENSIONS = YES;
				CLANG_ANALYZER_NONNULL = YES;
				CLANG_ANALYZER_NUMBER_OBJECT_CONVERSION = YES_AGGRESSIVE;
				CLANG_CXX_LANGUAGE_STANDARD = "gnu++20";
				CLANG_ENABLE_MODULES = YES;
				CLANG_ENABLE_OBJC_ARC = YES;
				CLANG_ENABLE_OBJC_WEAK = YES;
				CLANG_WARN_BLOCK_CAPTURE_AUTORELEASING = YES;
				CLANG_WARN_BOOL_CONVERSION = YES;
				CLANG_WARN_COMMA = YES;
				CLANG_WARN_CONSTANT_CONVERSION = YES;
				CLANG_WARN_DEPRECATED_OBJC_IMPLEMENTATIONS = YES;
				CLANG_WARN_DIRECT_OBJC_ISA_USAGE = YES_ERROR;
				CLANG_WARN_DOCUMENTATION_COMMENTS = YES;
				CLANG_WARN_EMPTY_BODY = YES;
				CLANG_WARN_ENUM_CONVERSION = YES;
				CLANG_WARN_INFINITE_RECURSION = YES;
				CLANG_WARN_INT_CONVERSION = YES;
				CLANG_WARN_NON_LITERAL_NULL_CONVERSION = YES;
				CLANG_WARN_OBJC_IMPLICIT_RETAIN_SELF = YES;
				CLANG_WARN_OBJC_LITERAL_CONVERSION = YES;
				CLANG_WARN_OBJC_ROOT_CLASS = YES_ERROR;
				CLANG_WARN_QUOTED_INCLUDE_IN_FRAMEWORK_HEADER = YES;
				CLANG_WARN_RANGE_LOOP_ANALYSIS = YES;
				CLANG_WARN_STRICT_PROTOTYPES = YES;
				CLANG_WARN_SUSPICIOUS_MOVE = YES;
				CLANG_WARN_UNGUARDED_AVAILABILITY = YES_AGGRESSIVE;
				CLANG_WARN_UNREACHABLE_CODE = YES;
				CLANG_WARN__DUPLICATE_METHOD_MATCH = YES;
				COPY_PHASE_STRIP = NO;
				DEBUG_INFORMATION_FORMAT = dwarf;
				ENABLE_STRICT_OBJC_MSGSEND = YES;
				ENABLE_TESTABILITY = YES;
				ENABLE_USER_SCRIPT_SANDBOXING = YES;
				GCC_C_LANGUAGE_STANDARD = gnu17;
				GCC_DYNAMIC_NO_PIC = NO;
				GCC_NO_COMMON_BLOCKS = YES;
				GCC_OPTIMIZATION_LEVEL = 0;
				GCC_PREPROCESSOR_DEFINITIONS = (
					"DEBUG=1",
					"$(inherited)",
				);
				GCC_WARN_64_TO_32_BIT_CONVERSION = YES;
				GCC_WARN_ABOUT_RETURN_TYPE = YES_ERROR;
				GCC_WARN_UNDECLARED_SELECTOR = YES;
				GCC_WARN_UNINITIALIZED_AUTOS = YES_AGGRESSIVE;
				GCC_WARN_UNUSED_FUNCTION = YES;
				GCC_WARN_UNUSED_VARIABLE = YES;
				IPHONEOS_DEPLOYMENT_TARGET = 17.5;
				LOCALIZATION_PREFERS_STRING_CATALOGS = YES;
				MTL_ENABLE_DEBUG_INFO = INCLUDE_SOURCE;
				MTL_FAST_MATH = YES;
				ONLY_ACTIVE_ARCH = YES;
				SDKROOT = iphoneos;
				SWIFT_ACTIVE_COMPILATION_CONDITIONS = "DEBUG $(inherited)";
				SWIFT_OPTIMIZATION_LEVEL = "-Onone";
			};
			name = Debug;
		};
		5AE629C52C7CB24A00698758 /* Release */ = {
			isa = XCBuildConfiguration;
			buildSettings = {
				ALWAYS_SEARCH_USER_PATHS = NO;
				ASSETCATALOG_COMPILER_GENERATE_SWIFT_ASSET_SYMBOL_EXTENSIONS = YES;
				CLANG_ANALYZER_NONNULL = YES;
				CLANG_ANALYZER_NUMBER_OBJECT_CONVERSION = YES_AGGRESSIVE;
				CLANG_CXX_LANGUAGE_STANDARD = "gnu++20";
				CLANG_ENABLE_MODULES = YES;
				CLANG_ENABLE_OBJC_ARC = YES;
				CLANG_ENABLE_OBJC_WEAK = YES;
				CLANG_WARN_BLOCK_CAPTURE_AUTORELEASING = YES;
				CLANG_WARN_BOOL_CONVERSION = YES;
				CLANG_WARN_COMMA = YES;
				CLANG_WARN_CONSTANT_CONVERSION = YES;
				CLANG_WARN_DEPRECATED_OBJC_IMPLEMENTATIONS = YES;
				CLANG_WARN_DIRECT_OBJC_ISA_USAGE = YES_ERROR;
				CLANG_WARN_DOCUMENTATION_COMMENTS = YES;
				CLANG_WARN_EMPTY_BODY = YES;
				CLANG_WARN_ENUM_CONVERSION = YES;
				CLANG_WARN_INFINITE_RECURSION = YES;
				CLANG_WARN_INT_CONVERSION = YES;
				CLANG_WARN_NON_LITERAL_NULL_CONVERSION = YES;
				CLANG_WARN_OBJC_IMPLICIT_RETAIN_SELF = YES;
				CLANG_WARN_OBJC_LITERAL_CONVERSION = YES;
				CLANG_WARN_OBJC_ROOT_CLASS = YES_ERROR;
				CLANG_WARN_QUOTED_INCLUDE_IN_FRAMEWORK_HEADER = YES;
				CLANG_WARN_RANGE_LOOP_ANALYSIS = YES;
				CLANG_WARN_STRICT_PROTOTYPES = YES;
				CLANG_WARN_SUSPICIOUS_MOVE = YES;
				CLANG_WARN_UNGUARDED_AVAILABILITY = YES_AGGRESSIVE;
				CLANG_WARN_UNREACHABLE_CODE = YES;
				CLANG_WARN__DUPLICATE_METHOD_MATCH = YES;
				COPY_PHASE_STRIP = NO;
				DEBUG_INFORMATION_FORMAT = "dwarf-with-dsym";
				ENABLE_NS_ASSERTIONS = NO;
				ENABLE_STRICT_OBJC_MSGSEND = YES;
				ENABLE_USER_SCRIPT_SANDBOXING = YES;
				GCC_C_LANGUAGE_STANDARD = gnu17;
				GCC_NO_COMMON_BLOCKS = YES;
				GCC_WARN_64_TO_32_BIT_CONVERSION = YES;
				GCC_WARN_ABOUT_RETURN_TYPE = YES_ERROR;
				GCC_WARN_UNDECLARED_SELECTOR = YES;
				GCC_WARN_UNINITIALIZED_AUTOS = YES_AGGRESSIVE;
				GCC_WARN_UNUSED_FUNCTION = YES;
				GCC_WARN_UNUSED_VARIABLE = YES;
				IPHONEOS_DEPLOYMENT_TARGET = 17.5;
				LOCALIZATION_PREFERS_STRING_CATALOGS = YES;
				MTL_ENABLE_DEBUG_INFO = NO;
				MTL_FAST_MATH = YES;
				SDKROOT = iphoneos;
				SWIFT_COMPILATION_MODE = wholemodule;
				VALIDATE_PRODUCT = YES;
			};
			name = Release;
		};
		5AE629C72C7CB24A00698758 /* Debug */ = {
			isa = XCBuildConfiguration;
			buildSettings = {
				ASSETCATALOG_COMPILER_APPICON_NAME = AppIcon;
				ASSETCATALOG_COMPILER_GLOBAL_ACCENT_COLOR_NAME = AccentColor;
				CODE_SIGN_STYLE = Automatic;
				CURRENT_PROJECT_VERSION = 1;
				DEVELOPMENT_TEAM = 5BRAJ87SV2;
				GENERATE_INFOPLIST_FILE = YES;
				INFOPLIST_FILE = ToDoList/Info.plist;
				INFOPLIST_KEY_UIApplicationSupportsIndirectInputEvents = YES;
				INFOPLIST_KEY_UILaunchStoryboardName = LaunchScreen;
				INFOPLIST_KEY_UISupportedInterfaceOrientations = UIInterfaceOrientationPortrait;
				INFOPLIST_KEY_UISupportedInterfaceOrientations_iPad = "UIInterfaceOrientationLandscapeLeft UIInterfaceOrientationLandscapeRight UIInterfaceOrientationPortrait UIInterfaceOrientationPortraitUpsideDown";
				IPHONEOS_DEPLOYMENT_TARGET = 14.0;
				LD_RUNPATH_SEARCH_PATHS = (
					"$(inherited)",
					"@executable_path/Frameworks",
				);
				MARKETING_VERSION = 1.0;
				PRODUCT_BUNDLE_IDENTIFIER = com.maxzim121.ToDoList;
				PRODUCT_NAME = "$(TARGET_NAME)";
				SUPPORTED_PLATFORMS = "iphoneos iphonesimulator";
				SUPPORTS_MACCATALYST = NO;
				SUPPORTS_MAC_DESIGNED_FOR_IPHONE_IPAD = NO;
				SUPPORTS_XR_DESIGNED_FOR_IPHONE_IPAD = NO;
				SWIFT_EMIT_LOC_STRINGS = YES;
				SWIFT_VERSION = 5.0;
				TARGETED_DEVICE_FAMILY = 1;
			};
			name = Debug;
		};
		5AE629C82C7CB24A00698758 /* Release */ = {
			isa = XCBuildConfiguration;
			buildSettings = {
				ASSETCATALOG_COMPILER_APPICON_NAME = AppIcon;
				ASSETCATALOG_COMPILER_GLOBAL_ACCENT_COLOR_NAME = AccentColor;
				CODE_SIGN_STYLE = Automatic;
				CURRENT_PROJECT_VERSION = 1;
				DEVELOPMENT_TEAM = 5BRAJ87SV2;
				GENERATE_INFOPLIST_FILE = YES;
				INFOPLIST_FILE = ToDoList/Info.plist;
				INFOPLIST_KEY_UIApplicationSupportsIndirectInputEvents = YES;
				INFOPLIST_KEY_UILaunchStoryboardName = LaunchScreen;
				INFOPLIST_KEY_UISupportedInterfaceOrientations = UIInterfaceOrientationPortrait;
				INFOPLIST_KEY_UISupportedInterfaceOrientations_iPad = "UIInterfaceOrientationLandscapeLeft UIInterfaceOrientationLandscapeRight UIInterfaceOrientationPortrait UIInterfaceOrientationPortraitUpsideDown";
				IPHONEOS_DEPLOYMENT_TARGET = 14.0;
				LD_RUNPATH_SEARCH_PATHS = (
					"$(inherited)",
					"@executable_path/Frameworks",
				);
				MARKETING_VERSION = 1.0;
				PRODUCT_BUNDLE_IDENTIFIER = com.maxzim121.ToDoList;
				PRODUCT_NAME = "$(TARGET_NAME)";
				SUPPORTED_PLATFORMS = "iphoneos iphonesimulator";
				SUPPORTS_MACCATALYST = NO;
				SUPPORTS_MAC_DESIGNED_FOR_IPHONE_IPAD = NO;
				SUPPORTS_XR_DESIGNED_FOR_IPHONE_IPAD = NO;
				SWIFT_EMIT_LOC_STRINGS = YES;
				SWIFT_VERSION = 5.0;
				TARGETED_DEVICE_FAMILY = 1;
			};
			name = Release;
		};
/* End XCBuildConfiguration section */

/* Begin XCConfigurationList section */
		5AE629AD2C7CB24800698758 /* Build configuration list for PBXProject "ToDoList" */ = {
			isa = XCConfigurationList;
			buildConfigurations = (
				5AE629C42C7CB24A00698758 /* Debug */,
				5AE629C52C7CB24A00698758 /* Release */,
			);
			defaultConfigurationIsVisible = 0;
			defaultConfigurationName = Release;
		};
		5AE629C62C7CB24A00698758 /* Build configuration list for PBXNativeTarget "ToDoList" */ = {
			isa = XCConfigurationList;
			buildConfigurations = (
				5AE629C72C7CB24A00698758 /* Debug */,
				5AE629C82C7CB24A00698758 /* Release */,
			);
			defaultConfigurationIsVisible = 0;
			defaultConfigurationName = Release;
		};
/* End XCConfigurationList section */

/* Begin XCVersionGroup section */
		5A22A8822C7DE48100E5520D /* ToDoList.xcdatamodeld */ = {
			isa = XCVersionGroup;
			children = (
				5A22A8832C7DE48100E5520D /* ToDoCoreDataModel.xcdatamodel */,
			);
			currentVersion = 5A22A8832C7DE48100E5520D /* ToDoCoreDataModel.xcdatamodel */;
			path = ToDoList.xcdatamodeld;
			sourceTree = "<group>";
			versionGroupType = wrapper.xcdatamodel;
		};
/* End XCVersionGroup section */
	};
	rootObject = 5AE629AA2C7CB24800698758 /* Project object */;
}
